
Microsoft Visual Studio Solution File, Format Version 12.00
# Visual Studio 15
VisualStudioVersion = 15.0.28307.572
MinimumVisualStudioVersion = 10.0.40219.1
Project("{FAE04EC0-301F-11D3-BF4B-00C04F79EFBC}") = "WebApplication1", "WebApplication1\WebApplication1.csproj", "{75B343A2-00AC-4ACC-AA8A-7676177F06BA}"
EndProject
Global
	GlobalSection(SolutionConfigurationPlatforms) = preSolution
		Debug|Any CPU = Debug|Any CPU
		Release|Any CPU = Release|Any CPU
	EndGlobalSection
	GlobalSection(ProjectConfigurationPlatforms) = postSolution
		{75B343A2-00AC-4ACC-AA8A-7676177F06BA}.Debug|Any CPU.ActiveCfg = Debug|Any CPU
		{75B343A2-00AC-4ACC-AA8A-7676177F06BA}.Debug|Any CPU.Build.0 = Debug|Any CPU
		{75B343A2-00AC-4ACC-AA8A-7676177F06BA}.Release|Any CPU.ActiveCfg = Release|Any CPU
		{75B343A2-00AC-4ACC-AA8A-7676177F06BA}.Release|Any CPU.Build.0 = Release|Any CPU
	EndGlobalSection
	GlobalSection(SolutionProperties) = preSolution
		HideSolutionNode = FALSE
	EndGlobalSection
	GlobalSection(ExtensibilityGlobals) = postSolution
		SolutionGuid = {A07DCB55-45BC-4A3E-988B-843A8169895D}
	EndGlobalSection
EndGlobal
